// !$*UTF8*$!
{
	archiveVersion = 1;
	classes = {
	};
	objectVersion = 56;
	objects = {

/* Begin PBXBuildFile section */
		47E5CB182B4D2E240011A921 /* SwiftUI_InstargamApp.swift in Sources */ = {isa = PBXBuildFile; fileRef = 47E5CB172B4D2E240011A921 /* SwiftUI_InstargamApp.swift */; };
		47E5CB1A2B4D2E240011A921 /* ContentView.swift in Sources */ = {isa = PBXBuildFile; fileRef = 47E5CB192B4D2E240011A921 /* ContentView.swift */; };
		47E5CB1C2B4D2E260011A921 /* Assets.xcassets in Resources */ = {isa = PBXBuildFile; fileRef = 47E5CB1B2B4D2E260011A921 /* Assets.xcassets */; };
		47E5CB1F2B4D2E260011A921 /* Preview Assets.xcassets in Resources */ = {isa = PBXBuildFile; fileRef = 47E5CB1E2B4D2E260011A921 /* Preview Assets.xcassets */; };
		47E5CB302B4E8FAF0011A921 /* ProfileView.swift in Sources */ = {isa = PBXBuildFile; fileRef = 47E5CB2F2B4E8FAF0011A921 /* ProfileView.swift */; };
		47E5CB322B4E8FC90011A921 /* NotficationsView.swift in Sources */ = {isa = PBXBuildFile; fileRef = 47E5CB312B4E8FC90011A921 /* NotficationsView.swift */; };
		47E5CB352B4E8FE90011A921 /* SearchView.swift in Sources */ = {isa = PBXBuildFile; fileRef = 47E5CB342B4E8FE90011A921 /* SearchView.swift */; };
		47E5CB372B4E8FF20011A921 /* FeedView.swift in Sources */ = {isa = PBXBuildFile; fileRef = 47E5CB362B4E8FF20011A921 /* FeedView.swift */; };
		47E5CB392B4E8FFC0011A921 /* MainView.swift in Sources */ = {isa = PBXBuildFile; fileRef = 47E5CB382B4E8FFC0011A921 /* MainView.swift */; };
		47E5CB3D2B4E91120011A921 /* UploadViewPost.swift in Sources */ = {isa = PBXBuildFile; fileRef = 47E5CB3C2B4E91120011A921 /* UploadViewPost.swift */; };
		47E5CB3F2B4E92490011A921 /* FeedCall.swift in Sources */ = {isa = PBXBuildFile; fileRef = 47E5CB3E2B4E92490011A921 /* FeedCall.swift */; };
/* End PBXBuildFile section */

/* Begin PBXFileReference section */
		47E5CB142B4D2E240011A921 /* SwiftUI-Instargam.app */ = {isa = PBXFileReference; explicitFileType = wrapper.application; includeInIndex = 0; path = "SwiftUI-Instargam.app"; sourceTree = BUILT_PRODUCTS_DIR; };
		47E5CB172B4D2E240011A921 /* SwiftUI_InstargamApp.swift */ = {isa = PBXFileReference; lastKnownFileType = sourcecode.swift; path = SwiftUI_InstargamApp.swift; sourceTree = "<group>"; };
		47E5CB192B4D2E240011A921 /* ContentView.swift */ = {isa = PBXFileReference; lastKnownFileType = sourcecode.swift; path = ContentView.swift; sourceTree = "<group>"; };
		47E5CB1B2B4D2E260011A921 /* Assets.xcassets */ = {isa = PBXFileReference; lastKnownFileType = folder.assetcatalog; path = Assets.xcassets; sourceTree = "<group>"; };
		47E5CB1E2B4D2E260011A921 /* Preview Assets.xcassets */ = {isa = PBXFileReference; lastKnownFileType = folder.assetcatalog; path = "Preview Assets.xcassets"; sourceTree = "<group>"; };
		47E5CB2F2B4E8FAF0011A921 /* ProfileView.swift */ = {isa = PBXFileReference; lastKnownFileType = sourcecode.swift; path = ProfileView.swift; sourceTree = "<group>"; };
		47E5CB312B4E8FC90011A921 /* NotficationsView.swift */ = {isa = PBXFileReference; lastKnownFileType = sourcecode.swift; path = NotficationsView.swift; sourceTree = "<group>"; };
		47E5CB342B4E8FE90011A921 /* SearchView.swift */ = {isa = PBXFileReference; lastKnownFileType = sourcecode.swift; path = SearchView.swift; sourceTree = "<group>"; };
		47E5CB362B4E8FF20011A921 /* FeedView.swift */ = {isa = PBXFileReference; lastKnownFileType = sourcecode.swift; path = FeedView.swift; sourceTree = "<group>"; };
		47E5CB382B4E8FFC0011A921 /* MainView.swift */ = {isa = PBXFileReference; lastKnownFileType = sourcecode.swift; path = MainView.swift; sourceTree = "<group>"; };
		47E5CB3C2B4E91120011A921 /* UploadViewPost.swift */ = {isa = PBXFileReference; lastKnownFileType = sourcecode.swift; path = UploadViewPost.swift; sourceTree = "<group>"; };
		47E5CB3E2B4E92490011A921 /* FeedCall.swift */ = {isa = PBXFileReference; lastKnownFileType = sourcecode.swift; path = FeedCall.swift; sourceTree = "<group>"; };
/* End PBXFileReference section */

/* Begin PBXFrameworksBuildPhase section */
		47E5CB112B4D2E240011A921 /* Frameworks */ = {
			isa = PBXFrameworksBuildPhase;
			buildActionMask = 2147483647;
			files = (
			);
			runOnlyForDeploymentPostprocessing = 0;
		};
/* End PBXFrameworksBuildPhase section */

/* Begin PBXGroup section */
		47E5CB0B2B4D2E240011A921 = {
			isa = PBXGroup;
			children = (
				47E5CB162B4D2E240011A921 /* SwiftUI-Instargam */,
				47E5CB152B4D2E240011A921 /* Products */,
			);
			sourceTree = "<group>";
		};
		47E5CB152B4D2E240011A921 /* Products */ = {
			isa = PBXGroup;
			children = (
				47E5CB142B4D2E240011A921 /* SwiftUI-Instargam.app */,
			);
			name = Products;
			sourceTree = "<group>";
		};
		47E5CB162B4D2E240011A921 /* SwiftUI-Instargam */ = {
			isa = PBXGroup;
			children = (
				47E5CB292B4E8C8D0011A921 /* API */,
				47E5CB282B4E8C840011A921 /* Utils */,
				47E5CB272B4E8C7E0011A921 /* Model */,
				47E5CB262B4E8C770011A921 /* ViewModel */,
				47E5CB252B4E8C700011A921 /* View */,
				47E5CB172B4D2E240011A921 /* SwiftUI_InstargamApp.swift */,
				47E5CB1B2B4D2E260011A921 /* Assets.xcassets */,
				47E5CB1D2B4D2E260011A921 /* Preview Content */,
			);
			path = "SwiftUI-Instargam";
			sourceTree = "<group>";
		};
		47E5CB1D2B4D2E260011A921 /* Preview Content */ = {
			isa = PBXGroup;
			children = (
				47E5CB1E2B4D2E260011A921 /* Preview Assets.xcassets */,
			);
			path = "Preview Content";
			sourceTree = "<group>";
		};
		47E5CB252B4E8C700011A921 /* View */ = {
			isa = PBXGroup;
			children = (
				47E5CB3A2B4E90F60011A921 /* Upload */,
				47E5CB2E2B4E8F970011A921 /* Profile */,
				47E5CB2D2B4E8F8D0011A921 /* Notfications */,
				47E5CB2C2B4E8F850011A921 /* Search */,
				47E5CB2B2B4E8F800011A921 /* Feed */,
				47E5CB2A2B4E8F7A0011A921 /* Main */,
			);
			path = View;
			sourceTree = "<group>";
		};
		47E5CB262B4E8C770011A921 /* ViewModel */ = {
			isa = PBXGroup;
			children = (
			);
			path = ViewModel;
			sourceTree = "<group>";
		};
		47E5CB272B4E8C7E0011A921 /* Model */ = {
			isa = PBXGroup;
			children = (
			);
			path = Model;
			sourceTree = "<group>";
		};
		47E5CB282B4E8C840011A921 /* Utils */ = {
			isa = PBXGroup;
			children = (
			);
			path = Utils;
			sourceTree = "<group>";
		};
		47E5CB292B4E8C8D0011A921 /* API */ = {
			isa = PBXGroup;
			children = (
			);
			path = API;
			sourceTree = "<group>";
		};
		47E5CB2A2B4E8F7A0011A921 /* Main */ = {
			isa = PBXGroup;
			children = (
				47E5CB192B4D2E240011A921 /* ContentView.swift */,
				47E5CB382B4E8FFC0011A921 /* MainView.swift */,
			);
			path = Main;
			sourceTree = "<group>";
		};
		47E5CB2B2B4E8F800011A921 /* Feed */ = {
			isa = PBXGroup;
			children = (
				47E5CB362B4E8FF20011A921 /* FeedView.swift */,
				47E5CB3E2B4E92490011A921 /* FeedCall.swift */,
			);
			path = Feed;
			sourceTree = "<group>";
		};
		47E5CB2C2B4E8F850011A921 /* Search */ = {
			isa = PBXGroup;
			children = (
				47E5CB342B4E8FE90011A921 /* SearchView.swift */,
			);
			path = Search;
			sourceTree = "<group>";
		};
		47E5CB2D2B4E8F8D0011A921 /* Notfications */ = {
			isa = PBXGroup;
			children = (
				47E5CB312B4E8FC90011A921 /* NotficationsView.swift */,
			);
			path = Notfications;
			sourceTree = "<group>";
		};
		47E5CB2E2B4E8F970011A921 /* Profile */ = {
			isa = PBXGroup;
			children = (
				47E5CB2F2B4E8FAF0011A921 /* ProfileView.swift */,
			);
			path = Profile;
			sourceTree = "<group>";
		};
		47E5CB3A2B4E90F60011A921 /* Upload */ = {
			isa = PBXGroup;
			children = (
				47E5CB3C2B4E91120011A921 /* UploadViewPost.swift */,
			);
			path = Upload;
			sourceTree = "<group>";
		};
/* End PBXGroup section */

/* Begin PBXNativeTarget section */
		47E5CB132B4D2E240011A921 /* SwiftUI-Instargam */ = {
			isa = PBXNativeTarget;
			buildConfigurationList = 47E5CB222B4D2E260011A921 /* Build configuration list for PBXNativeTarget "SwiftUI-Instargam" */;
			buildPhases = (
				47E5CB102B4D2E240011A921 /* Sources */,
				47E5CB112B4D2E240011A921 /* Frameworks */,
				47E5CB122B4D2E240011A921 /* Resources */,
			);
			buildRules = (
			);
			dependencies = (
			);
			name = "SwiftUI-Instargam";
			productName = "SwiftUI-Instargam";
			productReference = 47E5CB142B4D2E240011A921 /* SwiftUI-Instargam.app */;
			productType = "com.apple.product-type.application";
		};
/* End PBXNativeTarget section */

/* Begin PBXProject section */
		47E5CB0C2B4D2E240011A921 /* Project object */ = {
			isa = PBXProject;
			attributes = {
				BuildIndependentTargetsInParallel = 1;
				LastSwiftUpdateCheck = 1510;
				LastUpgradeCheck = 1510;
				TargetAttributes = {
					47E5CB132B4D2E240011A921 = {
						CreatedOnToolsVersion = 15.1;
					};
				};
			};
			buildConfigurationList = 47E5CB0F2B4D2E240011A921 /* Build configuration list for PBXProject "SwiftUI-Instargam" */;
			compatibilityVersion = "Xcode 14.0";
			developmentRegion = en;
			hasScannedForEncodings = 0;
			knownRegions = (
				en,
				Base,
			);
			mainGroup = 47E5CB0B2B4D2E240011A921;
			productRefGroup = 47E5CB152B4D2E240011A921 /* Products */;
			projectDirPath = "";
			projectRoot = "";
			targets = (
				47E5CB132B4D2E240011A921 /* SwiftUI-Instargam */,
			);
		};
/* End PBXProject section */

/* Begin PBXResourcesBuildPhase section */
		47E5CB122B4D2E240011A921 /* Resources */ = {
			isa = PBXResourcesBuildPhase;
			buildActionMask = 2147483647;
			files = (
				47E5CB1F2B4D2E260011A921 /* Preview Assets.xcassets in Resources */,
				47E5CB1C2B4D2E260011A921 /* Assets.xcassets in Resources */,
			);
			runOnlyForDeploymentPostprocessing = 0;
		};
/* End PBXResourcesBuildPhase section */

/* Begin PBXSourcesBuildPhase section */
		47E5CB102B4D2E240011A921 /* Sources */ = {
			isa = PBXSourcesBuildPhase;
			buildActionMask = 2147483647;
			files = (
				47E5CB352B4E8FE90011A921 /* SearchView.swift in Sources */,
				47E5CB392B4E8FFC0011A921 /* MainView.swift in Sources */,
				47E5CB1A2B4D2E240011A921 /* ContentView.swift in Sources */,
				47E5CB322B4E8FC90011A921 /* NotficationsView.swift in Sources */,
				47E5CB3F2B4E92490011A921 /* FeedCall.swift in Sources */,
				47E5CB302B4E8FAF0011A921 /* ProfileView.swift in Sources */,
				47E5CB3D2B4E91120011A921 /* UploadViewPost.swift in Sources */,
				47E5CB372B4E8FF20011A921 /* FeedView.swift in Sources */,
				47E5CB182B4D2E240011A921 /* SwiftUI_InstargamApp.swift in Sources */,
			);
			runOnlyForDeploymentPostprocessing = 0;
		};
/* End PBXSourcesBuildPhase section */

/* Begin XCBuildConfiguration section */
		47E5CB202B4D2E260011A921 /* Debug */ = {
			isa = XCBuildConfiguration;
			buildSettings = {
				ALWAYS_SEARCH_USER_PATHS = NO;
				ASSETCATALOG_COMPILER_GENERATE_SWIFT_ASSET_SYMBOL_EXTENSIONS = YES;
				CLANG_ANALYZER_NONNULL = YES;
				CLANG_ANALYZER_NUMBER_OBJECT_CONVERSION = YES_AGGRESSIVE;
				CLANG_CXX_LANGUAGE_STANDARD = "gnu++20";
				CLANG_ENABLE_MODULES = YES;
				CLANG_ENABLE_OBJC_ARC = YES;
				CLANG_ENABLE_OBJC_WEAK = YES;
				CLANG_WARN_BLOCK_CAPTURE_AUTORELEASING = YES;
				CLANG_WARN_BOOL_CONVERSION = YES;
				CLANG_WARN_COMMA = YES;
				CLANG_WARN_CONSTANT_CONVERSION = YES;
				CLANG_WARN_DEPRECATED_OBJC_IMPLEMENTATIONS = YES;
				CLANG_WARN_DIRECT_OBJC_ISA_USAGE = YES_ERROR;
				CLANG_WARN_DOCUMENTATION_COMMENTS = YES;
				CLANG_WARN_EMPTY_BODY = YES;
				CLANG_WARN_ENUM_CONVERSION = YES;
				CLANG_WARN_INFINITE_RECURSION = YES;
				CLANG_WARN_INT_CONVERSION = YES;
				CLANG_WARN_NON_LITERAL_NULL_CONVERSION = YES;
				CLANG_WARN_OBJC_IMPLICIT_RETAIN_SELF = YES;
				CLANG_WARN_OBJC_LITERAL_CONVERSION = YES;
				CLANG_WARN_OBJC_ROOT_CLASS = YES_ERROR;
				CLANG_WARN_QUOTED_INCLUDE_IN_FRAMEWORK_HEADER = YES;
				CLANG_WARN_RANGE_LOOP_ANALYSIS = YES;
				CLANG_WARN_STRICT_PROTOTYPES = YES;
				CLANG_WARN_SUSPICIOUS_MOVE = YES;
				CLANG_WARN_UNGUARDED_AVAILABILITY = YES_AGGRESSIVE;
				CLANG_WARN_UNREACHABLE_CODE = YES;
				CLANG_WARN__DUPLICATE_METHOD_MATCH = YES;
				COPY_PHASE_STRIP = NO;
				DEBUG_INFORMATION_FORMAT = dwarf;
				ENABLE_STRICT_OBJC_MSGSEND = YES;
				ENABLE_TESTABILITY = YES;
				ENABLE_USER_SCRIPT_SANDBOXING = YES;
				GCC_C_LANGUAGE_STANDARD = gnu17;
				GCC_DYNAMIC_NO_PIC = NO;
				GCC_NO_COMMON_BLOCKS = YES;
				GCC_OPTIMIZATION_LEVEL = 0;
				GCC_PREPROCESSOR_DEFINITIONS = (
					"DEBUG=1",
					"$(inherited)",
				);
				GCC_WARN_64_TO_32_BIT_CONVERSION = YES;
				GCC_WARN_ABOUT_RETURN_TYPE = YES_ERROR;
				GCC_WARN_UNDECLARED_SELECTOR = YES;
				GCC_WARN_UNINITIALIZED_AUTOS = YES_AGGRESSIVE;
				GCC_WARN_UNUSED_FUNCTION = YES;
				GCC_WARN_UNUSED_VARIABLE = YES;
				IPHONEOS_DEPLOYMENT_TARGET = 17.2;
				LOCALIZATION_PREFERS_STRING_CATALOGS = YES;
				MTL_ENABLE_DEBUG_INFO = INCLUDE_SOURCE;
				MTL_FAST_MATH = YES;
				ONLY_ACTIVE_ARCH = YES;
				SDKROOT = iphoneos;
				SWIFT_ACTIVE_COMPILATION_CONDITIONS = "DEBUG $(inherited)";
				SWIFT_OPTIMIZATION_LEVEL = "-Onone";
			};
			name = Debug;
		};
		47E5CB212B4D2E260011A921 /* Release */ = {
			isa = XCBuildConfiguration;
			buildSettings = {
				ALWAYS_SEARCH_USER_PATHS = NO;
				ASSETCATALOG_COMPILER_GENERATE_SWIFT_ASSET_SYMBOL_EXTENSIONS = YES;
				CLANG_ANALYZER_NONNULL = YES;
				CLANG_ANALYZER_NUMBER_OBJECT_CONVERSION = YES_AGGRESSIVE;
				CLANG_CXX_LANGUAGE_STANDARD = "gnu++20";
				CLANG_ENABLE_MODULES = YES;
				CLANG_ENABLE_OBJC_ARC = YES;
				CLANG_ENABLE_OBJC_WEAK = YES;
				CLANG_WARN_BLOCK_CAPTURE_AUTORELEASING = YES;
				CLANG_WARN_BOOL_CONVERSION = YES;
				CLANG_WARN_COMMA = YES;
				CLANG_WARN_CONSTANT_CONVERSION = YES;
				CLANG_WARN_DEPRECATED_OBJC_IMPLEMENTATIONS = YES;
				CLANG_WARN_DIRECT_OBJC_ISA_USAGE = YES_ERROR;
				CLANG_WARN_DOCUMENTATION_COMMENTS = YES;
				CLANG_WARN_EMPTY_BODY = YES;
				CLANG_WARN_ENUM_CONVERSION = YES;
				CLANG_WARN_INFINITE_RECURSION = YES;
				CLANG_WARN_INT_CONVERSION = YES;
				CLANG_WARN_NON_LITERAL_NULL_CONVERSION = YES;
				CLANG_WARN_OBJC_IMPLICIT_RETAIN_SELF = YES;
				CLANG_WARN_OBJC_LITERAL_CONVERSION = YES;
				CLANG_WARN_OBJC_ROOT_CLASS = YES_ERROR;
				CLANG_WARN_QUOTED_INCLUDE_IN_FRAMEWORK_HEADER = YES;
				CLANG_WARN_RANGE_LOOP_ANALYSIS = YES;
				CLANG_WARN_STRICT_PROTOTYPES = YES;
				CLANG_WARN_SUSPICIOUS_MOVE = YES;
				CLANG_WARN_UNGUARDED_AVAILABILITY = YES_AGGRESSIVE;
				CLANG_WARN_UNREACHABLE_CODE = YES;
				CLANG_WARN__DUPLICATE_METHOD_MATCH = YES;
				COPY_PHASE_STRIP = NO;
				DEBUG_INFORMATION_FORMAT = "dwarf-with-dsym";
				ENABLE_NS_ASSERTIONS = NO;
				ENABLE_STRICT_OBJC_MSGSEND = YES;
				ENABLE_USER_SCRIPT_SANDBOXING = YES;
				GCC_C_LANGUAGE_STANDARD = gnu17;
				GCC_NO_COMMON_BLOCKS = YES;
				GCC_WARN_64_TO_32_BIT_CONVERSION = YES;
				GCC_WARN_ABOUT_RETURN_TYPE = YES_ERROR;
				GCC_WARN_UNDECLARED_SELECTOR = YES;
				GCC_WARN_UNINITIALIZED_AUTOS = YES_AGGRESSIVE;
				GCC_WARN_UNUSED_FUNCTION = YES;
				GCC_WARN_UNUSED_VARIABLE = YES;
				IPHONEOS_DEPLOYMENT_TARGET = 17.2;
				LOCALIZATION_PREFERS_STRING_CATALOGS = YES;
				MTL_ENABLE_DEBUG_INFO = NO;
				MTL_FAST_MATH = YES;
				SDKROOT = iphoneos;
				SWIFT_COMPILATION_MODE = wholemodule;
				VALIDATE_PRODUCT = YES;
			};
			name = Release;
		};
		47E5CB232B4D2E260011A921 /* Debug */ = {
			isa = XCBuildConfiguration;
			buildSettings = {
				ASSETCATALOG_COMPILER_APPICON_NAME = AppIcon;
				ASSETCATALOG_COMPILER_GLOBAL_ACCENT_COLOR_NAME = AccentColor;
				CODE_SIGN_STYLE = Automatic;
				CURRENT_PROJECT_VERSION = 1;
				DEVELOPMENT_ASSET_PATHS = "\"SwiftUI-Instargam/Preview Content\"";
				DEVELOPMENT_TEAM = HB2C2JWPK5;
				ENABLE_PREVIEWS = YES;
				GENERATE_INFOPLIST_FILE = YES;
				INFOPLIST_KEY_UIApplicationSceneManifest_Generation = YES;
				INFOPLIST_KEY_UIApplicationSupportsIndirectInputEvents = YES;
				INFOPLIST_KEY_UILaunchScreen_Generation = YES;
				INFOPLIST_KEY_UISupportedInterfaceOrientations_iPad = "UIInterfaceOrientationPortrait UIInterfaceOrientationPortraitUpsideDown UIInterfaceOrientationLandscapeLeft UIInterfaceOrientationLandscapeRight";
				INFOPLIST_KEY_UISupportedInterfaceOrientations_iPhone = "UIInterfaceOrientationPortrait UIInterfaceOrientationLandscapeLeft UIInterfaceOrientationLandscapeRight";
				LD_RUNPATH_SEARCH_PATHS = (
					"$(inherited)",
					"@executable_path/Frameworks",
				);
				MARKETING_VERSION = 1.0;
				PRODUCT_BUNDLE_IDENTIFIER = "Iccyan21.SwiftUI-Instargam";
				PRODUCT_NAME = "$(TARGET_NAME)";
				SWIFT_EMIT_LOC_STRINGS = YES;
				SWIFT_VERSION = 5.0;
				TARGETED_DEVICE_FAMILY = "1,2";
			};
			name = Debug;
		};
		47E5CB242B4D2E260011A921 /* Release */ = {
			isa = XCBuildConfiguration;
			buildSettings = {
				ASSETCATALOG_COMPILER_APPICON_NAME = AppIcon;
				ASSETCATALOG_COMPILER_GLOBAL_ACCENT_COLOR_NAME = AccentColor;
				CODE_SIGN_STYLE = Automatic;
				CURRENT_PROJECT_VERSION = 1;
				DEVELOPMENT_ASSET_PATHS = "\"SwiftUI-Instargam/Preview Content\"";
				DEVELOPMENT_TEAM = HB2C2JWPK5;
				ENABLE_PREVIEWS = YES;
				GENERATE_INFOPLIST_FILE = YES;
				INFOPLIST_KEY_UIApplicationSceneManifest_Generation = YES;
				INFOPLIST_KEY_UIApplicationSupportsIndirectInputEvents = YES;
				INFOPLIST_KEY_UILaunchScreen_Generation = YES;
				INFOPLIST_KEY_UISupportedInterfaceOrientations_iPad = "UIInterfaceOrientationPortrait UIInterfaceOrientationPortraitUpsideDown UIInterfaceOrientationLandscapeLeft UIInterfaceOrientationLandscapeRight";
				INFOPLIST_KEY_UISupportedInterfaceOrientations_iPhone = "UIInterfaceOrientationPortrait UIInterfaceOrientationLandscapeLeft UIInterfaceOrientationLandscapeRight";
				LD_RUNPATH_SEARCH_PATHS = (
					"$(inherited)",
					"@executable_path/Frameworks",
				);
				MARKETING_VERSION = 1.0;
				PRODUCT_BUNDLE_IDENTIFIER = "Iccyan21.SwiftUI-Instargam";
				PRODUCT_NAME = "$(TARGET_NAME)";
				SWIFT_EMIT_LOC_STRINGS = YES;
				SWIFT_VERSION = 5.0;
				TARGETED_DEVICE_FAMILY = "1,2";
			};
			name = Release;
		};
/* End XCBuildConfiguration section */

/* Begin XCConfigurationList section */
		47E5CB0F2B4D2E240011A921 /* Build configuration list for PBXProject "SwiftUI-Instargam" */ = {
			isa = XCConfigurationList;
			buildConfigurations = (
				47E5CB202B4D2E260011A921 /* Debug */,
				47E5CB212B4D2E260011A921 /* Release */,
			);
			defaultConfigurationIsVisible = 0;
			defaultConfigurationName = Release;
		};
		47E5CB222B4D2E260011A921 /* Build configuration list for PBXNativeTarget "SwiftUI-Instargam" */ = {
			isa = XCConfigurationList;
			buildConfigurations = (
				47E5CB232B4D2E260011A921 /* Debug */,
				47E5CB242B4D2E260011A921 /* Release */,
			);
			defaultConfigurationIsVisible = 0;
			defaultConfigurationName = Release;
		};
/* End XCConfigurationList section */
	};
	rootObject = 47E5CB0C2B4D2E240011A921 /* Project object */;
}
